
Microsoft Visual Studio Solution File, Format Version 12.00
Project("{FAE04EC0-301F-11D3-BF4B-00C04F79EFBC}") = "Sanzani", "Sanzani\Sanzani.csproj", "{F0610A75-43BF-4CE5-909E-60C5D5BED81A}"
EndProject
Project("{FAE04EC0-301F-11D3-BF4B-00C04F79EFBC}") = "Zama", "Zama\Zama.csproj", "{4E98E617-BD22-4D33-8918-17F310DA779E}"
EndProjetc
Project("{FAE04EC0-301F-11D3-BF4B-00C04F79EFBC}") = "Drudi", "Drudi\Drudi.csproj", "{B591C4E3-DF0B-446E-BC13-8AE09ACC6B2F}"
EndProject
Project("{FAE04EC0-301F-11D3-BF4B-00C04F79EFBC}") = "Chiasserini", "Chiasserini\Chiasserini.csproj", "{4777B0A6-6B5F-4931-9C67-A7CF3E7F4D04}"
EndProject
Global
	GlobalSection(SolutionConfigurationPlatforms) = preSolution
		Debug|Any CPU = Debug|Any CPU
		Release|Any CPU = Release|Any CPU
	EndGlobalSection
	GlobalSection(ProjectConfigurationPlatforms) = postSolution
		{F0610A75-43BF-4CE5-909E-60C5D5BED81A}.Debug|Any CPU.ActiveCfg = Debug|Any CPU
		{F0610A75-43BF-4CE5-909E-60C5D5BED81A}.Debug|Any CPU.Build.0 = Debug|Any CPU
		{F0610A75-43BF-4CE5-909E-60C5D5BED81A}.Release|Any CPU.ActiveCfg = Release|Any CPU
		{F0610A75-43BF-4CE5-909E-60C5D5BED81A}.Release|Any CPU.Build.0 = Release|Any CPU
		{4E98E617-BD22-4D33-8918-17F310DA779E}.Debug|Any CPU.ActiveCfg = Debug|Any CPU
		{4E98E617-BD22-4D33-8918-17F310DA779E}.Debug|Any CPU.Build.0 = Debug|Any CPU
		{4E98E617-BD22-4D33-8918-17F310DA779E}.Release|Any CPU.ActiveCfg = Release|Any CPU
		{4E98E617-BD22-4D33-8918-17F310DA779E}.Release|Any CPU.Build.0 = Release|Any CPU
		{B591C4E3-DF0B-446E-BC13-8AE09ACC6B2F}.Debug|Any CPU.ActiveCfg = Debug|Any CPU
		{B591C4E3-DF0B-446E-BC13-8AE09ACC6B2F}.Debug|Any CPU.Build.0 = Debug|Any CPU
		{B591C4E3-DF0B-446E-BC13-8AE09ACC6B2F}.Release|Any CPU.ActiveCfg = Release|Any CPU
		{B591C4E3-DF0B-446E-BC13-8AE09ACC6B2F}.Release|Any CPU.Build.0 = Release|Any CPU
		{4777B0A6-6B5F-4931-9C67-A7CF3E7F4D04}.Debug|Any CPU.ActiveCfg = Debug|Any CPU
		{4777B0A6-6B5F-4931-9C67-A7CF3E7F4D04}.Debug|Any CPU.Build.0 = Debug|Any CPU
		{4777B0A6-6B5F-4931-9C67-A7CF3E7F4D04}.Release|Any CPU.ActiveCfg = Release|Any CPU
		{4777B0A6-6B5F-4931-9C67-A7CF3E7F4D04}.Release|Any CPU.Build.0 = Release|Any CPU
	EndGlobalSection
EndGlobal
